
Microsoft Visual Studio Solution File, Format Version 12.00
# Visual Studio 15
Project("{FAE04EC0-301F-11D3-BF4B-00C04F79EFBC}") = "Assembly-CSharp", "Assembly-CSharp.csproj", "{B1FD6EB1-7CAA-7AC0-C808-A79D8F7257C4}"
EndProject
Project("{FAE04EC0-301F-11D3-BF4B-00C04F79EFBC}") = "Assembly-CSharp-Editor", "Assembly-CSharp-Editor.csproj", "{5F07EF6C-F760-211A-716E-CB0732A81D7F}"
EndProject
Global
	GlobalSection(SolutionConfigurationPlatforms) = preSolution
		Debug|Any CPU = Debug|Any CPU
		Release|Any CPU = Release|Any CPU
	EndGlobalSection
	GlobalSection(ProjectConfigurationPlatforms) = postSolution
		{B1FD6EB1-7CAA-7AC0-C808-A79D8F7257C4}.Debug|Any CPU.ActiveCfg = Debug|Any CPU
		{B1FD6EB1-7CAA-7AC0-C808-A79D8F7257C4}.Debug|Any CPU.Build.0 = Debug|Any CPU
		{B1FD6EB1-7CAA-7AC0-C808-A79D8F7257C4}.Release|Any CPU.ActiveCfg = Release|Any CPU
		{B1FD6EB1-7CAA-7AC0-C808-A79D8F7257C4}.Release|Any CPU.Build.0 = Release|Any CPU
		{5F07EF6C-F760-211A-716E-CB0732A81D7F}.Debug|Any CPU.ActiveCfg = Debug|Any CPU
		{5F07EF6C-F760-211A-716E-CB0732A81D7F}.Debug|Any CPU.Build.0 = Debug|Any CPU
		{5F07EF6C-F760-211A-716E-CB0732A81D7F}.Release|Any CPU.ActiveCfg = Release|Any CPU
		{5F07EF6C-F760-211A-716E-CB0732A81D7F}.Release|Any CPU.Build.0 = Release|Any CPU
	EndGlobalSection
	GlobalSection(SolutionProperties) = preSolution
		HideSolutionNode = FALSE
	EndGlobalSection
	GlobalSection(MonoDevelopProperties) = preSolution
		StartupItem = Assembly-CSharp.csproj
	EndGlobalSection
EndGlobal
